
Microsoft Visual Studio Solution File, Format Version 12.00
# Visual Studio Version 16
VisualStudioVersion = 16.0.808.4
MinimumVisualStudioVersion = 10.0.40219.1
Project("{FAE04EC0-301F-11D3-BF4B-00C04F79EFBC}") = "3commasEnhancer", "3commasEnhancer\3commasEnhancer.csproj", "{CC333AD4-82C3-4122-BFF4-C71B493CB194}"
EndProject
Global
	GlobalSection(SolutionConfigurationPlatforms) = preSolution
		Debug|Any CPU = Debug|Any CPU
		Release|Any CPU = Release|Any CPU
	EndGlobalSection
	GlobalSection(ProjectConfigurationPlatforms) = postSolution
		{CC333AD4-82C3-4122-BFF4-C71B493CB194}.Debug|Any CPU.ActiveCfg = Debug|Any CPU
		{CC333AD4-82C3-4122-BFF4-C71B493CB194}.Debug|Any CPU.Build.0 = Debug|Any CPU
		{CC333AD4-82C3-4122-BFF4-C71B493CB194}.Release|Any CPU.ActiveCfg = Release|Any CPU
		{CC333AD4-82C3-4122-BFF4-C71B493CB194}.Release|Any CPU.Build.0 = Release|Any CPU
	EndGlobalSection
	GlobalSection(SolutionProperties) = preSolution
		HideSolutionNode = FALSE
	EndGlobalSection
	GlobalSection(ExtensibilityGlobals) = postSolution
		SolutionGuid = {56FF0A04-89FC-4A30-A9D7-1193A988DFE1}
	EndGlobalSection
EndGlobal
